
Microsoft Visual Studio Solution File, Format Version 12.00
# Visual Studio Version 17
VisualStudioVersion = 17.2.32616.157
MinimumVisualStudioVersion = 10.0.40219.1
Project("{9A19103F-16F7-4668-BE54-9A1E7A4F7556}") = "WorkerServiceKon", "WorkerServiceKon.csproj", "{3C57E494-A25E-47C8-8A3F-DE388C07CA39}"
EndProject
Project("{9A19103F-16F7-4668-BE54-9A1E7A4F7556}") = "Pelsoft.Log.WhatsApp", "..\Pelsoft.Log.WhatsApp\Pelsoft.Log.WhatsApp.csproj", "{5F6189EC-C8C5-4B8B-AD9E-0C1DEEAC7782}"
EndProject
Project("{9A19103F-16F7-4668-BE54-9A1E7A4F7556}") = "Pelsoft.Log.Common", "..\Pelsoft.Log.Common\Pelsoft.Log.Common.csproj", "{1B8A92D4-3533-454A-A55E-B9B409C54B4A}"
EndProject
Project("{FAE04EC0-301F-11D3-BF4B-00C04F79EFBC}") = "Pelsoft.Log.Comerce", "..\Pelsoft.Log.Comerce\Pelsoft.Log.Comerce.csproj", "{511C9805-BBC1-4748-9D70-C93B518615E5}"
EndProject
Global
	GlobalSection(SolutionConfigurationPlatforms) = preSolution
		Debug|Any CPU = Debug|Any CPU
		Release|Any CPU = Release|Any CPU
	EndGlobalSection
	GlobalSection(ProjectConfigurationPlatforms) = postSolution
		{3C57E494-A25E-47C8-8A3F-DE388C07CA39}.Debug|Any CPU.ActiveCfg = Debug|Any CPU
		{3C57E494-A25E-47C8-8A3F-DE388C07CA39}.Debug|Any CPU.Build.0 = Debug|Any CPU
		{3C57E494-A25E-47C8-8A3F-DE388C07CA39}.Release|Any CPU.ActiveCfg = Release|Any CPU
		{3C57E494-A25E-47C8-8A3F-DE388C07CA39}.Release|Any CPU.Build.0 = Release|Any CPU
		{5F6189EC-C8C5-4B8B-AD9E-0C1DEEAC7782}.Debug|Any CPU.ActiveCfg = Debug|Any CPU
		{5F6189EC-C8C5-4B8B-AD9E-0C1DEEAC7782}.Debug|Any CPU.Build.0 = Debug|Any CPU
		{5F6189EC-C8C5-4B8B-AD9E-0C1DEEAC7782}.Release|Any CPU.ActiveCfg = Release|Any CPU
		{5F6189EC-C8C5-4B8B-AD9E-0C1DEEAC7782}.Release|Any CPU.Build.0 = Release|Any CPU
		{1B8A92D4-3533-454A-A55E-B9B409C54B4A}.Debug|Any CPU.ActiveCfg = Debug|Any CPU
		{1B8A92D4-3533-454A-A55E-B9B409C54B4A}.Debug|Any CPU.Build.0 = Debug|Any CPU
		{1B8A92D4-3533-454A-A55E-B9B409C54B4A}.Release|Any CPU.ActiveCfg = Release|Any CPU
		{1B8A92D4-3533-454A-A55E-B9B409C54B4A}.Release|Any CPU.Build.0 = Release|Any CPU
		{511C9805-BBC1-4748-9D70-C93B518615E5}.Debug|Any CPU.ActiveCfg = Debug|Any CPU
		{511C9805-BBC1-4748-9D70-C93B518615E5}.Debug|Any CPU.Build.0 = Debug|Any CPU
		{511C9805-BBC1-4748-9D70-C93B518615E5}.Release|Any CPU.ActiveCfg = Release|Any CPU
		{511C9805-BBC1-4748-9D70-C93B518615E5}.Release|Any CPU.Build.0 = Release|Any CPU
	EndGlobalSection
	GlobalSection(SolutionProperties) = preSolution
		HideSolutionNode = FALSE
	EndGlobalSection
	GlobalSection(ExtensibilityGlobals) = postSolution
		SolutionGuid = {EA719C8C-26E4-4261-8953-117CDEE33867}
	EndGlobalSection
EndGlobal
